
Microsoft Visual Studio Solution File, Format Version 12.00
# Visual Studio 15
VisualStudioVersion = 15.0.28307.168
MinimumVisualStudioVersion = 10.0.40219.1
Project("{FAE04EC0-301F-11D3-BF4B-00C04F79EFBC}") = "OrderManager", "OrderManager\OrderManager.csproj", "{363CF1C6-FA9E-4BD6-BAED-83A62E8C144D}"
EndProject
Project("{2150E333-8FDC-42A3-9474-1A3956D46DE8}") = "Domain", "Domain", "{61A6C369-B685-42FD-88F0-0CDB5C21069C}"
EndProject
Project("{FAE04EC0-301F-11D3-BF4B-00C04F79EFBC}") = "OrderManager.Domain.Core", "Core\OrderManager.Domain.Core.csproj", "{61814EFC-1400-49AC-BC40-1EDD229918D6}"
EndProject
Project("{2150E333-8FDC-42A3-9474-1A3956D46DE8}") = "Infrastructure", "Infrastructure", "{F3DA5EF4-A058-4EFC-AE73-85D6D7BC3541}"
EndProject
Project("{FAE04EC0-301F-11D3-BF4B-00C04F79EFBC}") = "OrderManager.Infrastructure.Data", "Infrastructure\Data\OrderManager.Infrastructure.Data.csproj", "{0A3C8994-9362-4C05-B649-2CB5739E6427}"
EndProject
Global
	GlobalSection(SolutionConfigurationPlatforms) = preSolution
		Debug|Any CPU = Debug|Any CPU
		Release|Any CPU = Release|Any CPU
	EndGlobalSection
	GlobalSection(ProjectConfigurationPlatforms) = postSolution
		{363CF1C6-FA9E-4BD6-BAED-83A62E8C144D}.Debug|Any CPU.ActiveCfg = Debug|Any CPU
		{363CF1C6-FA9E-4BD6-BAED-83A62E8C144D}.Debug|Any CPU.Build.0 = Debug|Any CPU
		{363CF1C6-FA9E-4BD6-BAED-83A62E8C144D}.Release|Any CPU.ActiveCfg = Release|Any CPU
		{363CF1C6-FA9E-4BD6-BAED-83A62E8C144D}.Release|Any CPU.Build.0 = Release|Any CPU
		{61814EFC-1400-49AC-BC40-1EDD229918D6}.Debug|Any CPU.ActiveCfg = Debug|Any CPU
		{61814EFC-1400-49AC-BC40-1EDD229918D6}.Debug|Any CPU.Build.0 = Debug|Any CPU
		{61814EFC-1400-49AC-BC40-1EDD229918D6}.Release|Any CPU.ActiveCfg = Release|Any CPU
		{61814EFC-1400-49AC-BC40-1EDD229918D6}.Release|Any CPU.Build.0 = Release|Any CPU
		{0A3C8994-9362-4C05-B649-2CB5739E6427}.Debug|Any CPU.ActiveCfg = Debug|Any CPU
		{0A3C8994-9362-4C05-B649-2CB5739E6427}.Debug|Any CPU.Build.0 = Debug|Any CPU
		{0A3C8994-9362-4C05-B649-2CB5739E6427}.Release|Any CPU.ActiveCfg = Release|Any CPU
		{0A3C8994-9362-4C05-B649-2CB5739E6427}.Release|Any CPU.Build.0 = Release|Any CPU
	EndGlobalSection
	GlobalSection(SolutionProperties) = preSolution
		HideSolutionNode = FALSE
	EndGlobalSection
	GlobalSection(NestedProjects) = preSolution
		{61814EFC-1400-49AC-BC40-1EDD229918D6} = {61A6C369-B685-42FD-88F0-0CDB5C21069C}
		{0A3C8994-9362-4C05-B649-2CB5739E6427} = {F3DA5EF4-A058-4EFC-AE73-85D6D7BC3541}
	EndGlobalSection
	GlobalSection(ExtensibilityGlobals) = postSolution
		SolutionGuid = {B500F220-02DC-44C4-BB11-EFA78330F7DD}
	EndGlobalSection
EndGlobal
